
Microsoft Visual Studio Solution File, Format Version 12.00
# Visual Studio Version 16
VisualStudioVersion = 16.0.30907.101
MinimumVisualStudioVersion = 10.0.40219.1
Project("{FAE04EC0-301F-11D3-BF4B-00C04F79EFBC}") = "ClassMetotDemo", "ClassMetot\ClassMetotDemo.csproj", "{5275271F-1E2D-4D64-A7E2-BF7C0BC81A49}"
EndProject
Global
	GlobalSection(SolutionConfigurationPlatforms) = preSolution
		Debug|Any CPU = Debug|Any CPU
		Release|Any CPU = Release|Any CPU
	EndGlobalSection
	GlobalSection(ProjectConfigurationPlatforms) = postSolution
		{5275271F-1E2D-4D64-A7E2-BF7C0BC81A49}.Debug|Any CPU.ActiveCfg = Debug|Any CPU
		{5275271F-1E2D-4D64-A7E2-BF7C0BC81A49}.Debug|Any CPU.Build.0 = Debug|Any CPU
		{5275271F-1E2D-4D64-A7E2-BF7C0BC81A49}.Release|Any CPU.ActiveCfg = Release|Any CPU
		{5275271F-1E2D-4D64-A7E2-BF7C0BC81A49}.Release|Any CPU.Build.0 = Release|Any CPU
	EndGlobalSection
	GlobalSection(SolutionProperties) = preSolution
		HideSolutionNode = FALSE
	EndGlobalSection
	GlobalSection(ExtensibilityGlobals) = postSolution
		SolutionGuid = {77C264C1-DC1E-4202-AD34-0773A16BCB6E}
	EndGlobalSection
EndGlobal
